
Microsoft Visual Studio Solution File, Format Version 12.00
# Visual Studio 15
VisualStudioVersion = 15.0.28010.2026
MinimumVisualStudioVersion = 10.0.40219.1
Project("{FAE04EC0-301F-11D3-BF4B-00C04F79EFBC}") = "Project1", "Project1\Project1.csproj", "{EF7D6318-4881-4719-B43C-0508D948FA1A}"
EndProject
Global
	GlobalSection(SolutionConfigurationPlatforms) = preSolution
		Debug|Any CPU = Debug|Any CPU
		Release|Any CPU = Release|Any CPU
	EndGlobalSection
	GlobalSection(ProjectConfigurationPlatforms) = postSolution
		{EF7D6318-4881-4719-B43C-0508D948FA1A}.Debug|Any CPU.ActiveCfg = Debug|Any CPU
		{EF7D6318-4881-4719-B43C-0508D948FA1A}.Debug|Any CPU.Build.0 = Debug|Any CPU
		{EF7D6318-4881-4719-B43C-0508D948FA1A}.Release|Any CPU.ActiveCfg = Release|Any CPU
		{EF7D6318-4881-4719-B43C-0508D948FA1A}.Release|Any CPU.Build.0 = Release|Any CPU
	EndGlobalSection
	GlobalSection(SolutionProperties) = preSolution
		HideSolutionNode = FALSE
	EndGlobalSection
	GlobalSection(ExtensibilityGlobals) = postSolution
		SolutionGuid = {8115719B-5E7A-4FA2-8606-2741673CF448}
	EndGlobalSection
EndGlobal
